
Microsoft Visual Studio Solution File, Format Version 12.00
# Visual Studio Version 16
VisualStudioVersion = 16.0.30413.136
MinimumVisualStudioVersion = 10.0.40219.1
Project("{FAE04EC0-301F-11D3-BF4B-00C04F79EFBC}") = "MZI_6", "MZI_6.csproj", "{F06EFA74-08FA-4AB1-B152-5D934AC4B958}"
EndProject
Global
	GlobalSection(SolutionConfigurationPlatforms) = preSolution
		Debug|Any CPU = Debug|Any CPU
		Release|Any CPU = Release|Any CPU
	EndGlobalSection
	GlobalSection(ProjectConfigurationPlatforms) = postSolution
		{F06EFA74-08FA-4AB1-B152-5D934AC4B958}.Debug|Any CPU.ActiveCfg = Debug|Any CPU
		{F06EFA74-08FA-4AB1-B152-5D934AC4B958}.Debug|Any CPU.Build.0 = Debug|Any CPU
		{F06EFA74-08FA-4AB1-B152-5D934AC4B958}.Release|Any CPU.ActiveCfg = Release|Any CPU
		{F06EFA74-08FA-4AB1-B152-5D934AC4B958}.Release|Any CPU.Build.0 = Release|Any CPU
	EndGlobalSection
	GlobalSection(SolutionProperties) = preSolution
		HideSolutionNode = FALSE
	EndGlobalSection
	GlobalSection(ExtensibilityGlobals) = postSolution
		SolutionGuid = {765E7C58-1679-4815-9DD2-08F65355260C}
	EndGlobalSection
EndGlobal
